
Microsoft Visual Studio Solution File, Format Version 12.00
Project("{FAE04EC0-301F-11D3-BF4B-00C04F79EFBC}") = "Immutability", "Immutability\Immutability.csproj", "{D324001E-632A-4621-8C51-FAE4AEF9E075}"
EndProject
Global
	GlobalSection(SolutionConfigurationPlatforms) = preSolution
		Debug|Any CPU = Debug|Any CPU
		Release|Any CPU = Release|Any CPU
	EndGlobalSection
	GlobalSection(ProjectConfigurationPlatforms) = postSolution
		{D324001E-632A-4621-8C51-FAE4AEF9E075}.Debug|Any CPU.ActiveCfg = Debug|Any CPU
		{D324001E-632A-4621-8C51-FAE4AEF9E075}.Debug|Any CPU.Build.0 = Debug|Any CPU
		{D324001E-632A-4621-8C51-FAE4AEF9E075}.Release|Any CPU.ActiveCfg = Release|Any CPU
		{D324001E-632A-4621-8C51-FAE4AEF9E075}.Release|Any CPU.Build.0 = Release|Any CPU
	EndGlobalSection
EndGlobal
