
Microsoft Visual Studio Solution File, Format Version 12.00
Project("{FAE04EC0-301F-11D3-BF4B-00C04F79EFBC}") = "Immutability", "Immutability\Immutability.csproj", "{D324001E-632A-4621-8C51-FAE4AEF9E075}"
EndProject
Project("{FAE04EC0-301F-11D3-BF4B-00C04F79EFBC}") = "Immutability.Tests", "Immutability.Tests\Immutability.Tests.csproj", "{827D6418-C1DB-4001-AD39-7C11A6385813}"
EndProject
Project("{FAE04EC0-301F-11D3-BF4B-00C04F79EFBC}") = "Exceptions", "Exceptions\Exceptions.csproj", "{72CF3576-AAA4-4B6F-8A5C-215A6AE89EEA}"
EndProject
Project("{FAE04EC0-301F-11D3-BF4B-00C04F79EFBC}") = "PrimitiveObsession.Logic", "PrimitiveObsession.Logic\PrimitiveObsession.Logic.csproj", "{07297040-9966-4D27-8A99-C64084DFAA69}"
EndProject
Project("{FAE04EC0-301F-11D3-BF4B-00C04F79EFBC}") = "PrimitiveObsession.UI", "PrimitiveObsession.UI\PrimitiveObsession.UI.csproj", "{9EBC3AC5-9A21-413D-A9F1-3B2810A0E62A}"
EndProject
Project("{FAE04EC0-301F-11D3-BF4B-00C04F79EFBC}") = "Nulls.Logic", "Nulls.Logic\Nulls.Logic.csproj", "{62E95356-602B-4402-AD5F-1836EAF47982}"
EndProject
Project("{FAE04EC0-301F-11D3-BF4B-00C04F79EFBC}") = "Nulls.UI", "Nulls.UI\Nulls.UI.csproj", "{0CB16336-73F4-4FA8-892D-BFB1A3AA1989}"
EndProject
Project("{FAE04EC0-301F-11D3-BF4B-00C04F79EFBC}") = "ErrorsAndFailures", "ErrorsAndFailures\ErrorsAndFailures.csproj", "{0E728935-9E7E-4DE2-873E-62136C2A0318}"
EndProject
Project("{2150E333-8FDC-42A3-9474-1A3956D46DE8}") = "Examples", "Examples", "{5B2EB96F-D9CE-483C-A492-A094F83FBFC8}"
EndProject
Project("{2150E333-8FDC-42A3-9474-1A3956D46DE8}") = "CustomerManagement", "CustomerManagement", "{507BC271-044A-4000-A99E-91C3639665F5}"
EndProject
Project("{FAE04EC0-301F-11D3-BF4B-00C04F79EFBC}") = "CustomerManagement.Api", "CustomerManagement.Api\CustomerManagement.Api.csproj", "{B744A0D1-328B-46DC-B7F0-CC983AFCA514}"
EndProject
Project("{FAE04EC0-301F-11D3-BF4B-00C04F79EFBC}") = "CustomerManagement.Logic", "CustomerManagement.Logic\CustomerManagement.Logic.csproj", "{2BCE9B2C-0C20-4219-A945-4A35FEDBD542}"
EndProject
Project("{FAE04EC0-301F-11D3-BF4B-00C04F79EFBC}") = "CustomerManagement.Tests", "CustomerManagement.Tests\CustomerManagement.Tests.csproj", "{F0F97E0D-2786-4FE8-90C1-C500B0A28B6D}"
EndProject
Global
	GlobalSection(SolutionConfigurationPlatforms) = preSolution
		Debug|Any CPU = Debug|Any CPU
		Release|Any CPU = Release|Any CPU
	EndGlobalSection
	GlobalSection(ProjectConfigurationPlatforms) = postSolution
		{D324001E-632A-4621-8C51-FAE4AEF9E075}.Debug|Any CPU.ActiveCfg = Debug|Any CPU
		{D324001E-632A-4621-8C51-FAE4AEF9E075}.Debug|Any CPU.Build.0 = Debug|Any CPU
		{D324001E-632A-4621-8C51-FAE4AEF9E075}.Release|Any CPU.ActiveCfg = Release|Any CPU
		{D324001E-632A-4621-8C51-FAE4AEF9E075}.Release|Any CPU.Build.0 = Release|Any CPU
		{827D6418-C1DB-4001-AD39-7C11A6385813}.Debug|Any CPU.ActiveCfg = Debug|Any CPU
		{827D6418-C1DB-4001-AD39-7C11A6385813}.Debug|Any CPU.Build.0 = Debug|Any CPU
		{827D6418-C1DB-4001-AD39-7C11A6385813}.Release|Any CPU.ActiveCfg = Release|Any CPU
		{827D6418-C1DB-4001-AD39-7C11A6385813}.Release|Any CPU.Build.0 = Release|Any CPU
		{72CF3576-AAA4-4B6F-8A5C-215A6AE89EEA}.Debug|Any CPU.ActiveCfg = Debug|Any CPU
		{72CF3576-AAA4-4B6F-8A5C-215A6AE89EEA}.Debug|Any CPU.Build.0 = Debug|Any CPU
		{72CF3576-AAA4-4B6F-8A5C-215A6AE89EEA}.Release|Any CPU.ActiveCfg = Release|Any CPU
		{72CF3576-AAA4-4B6F-8A5C-215A6AE89EEA}.Release|Any CPU.Build.0 = Release|Any CPU
		{07297040-9966-4D27-8A99-C64084DFAA69}.Debug|Any CPU.ActiveCfg = Debug|Any CPU
		{07297040-9966-4D27-8A99-C64084DFAA69}.Debug|Any CPU.Build.0 = Debug|Any CPU
		{07297040-9966-4D27-8A99-C64084DFAA69}.Release|Any CPU.ActiveCfg = Release|Any CPU
		{07297040-9966-4D27-8A99-C64084DFAA69}.Release|Any CPU.Build.0 = Release|Any CPU
		{9EBC3AC5-9A21-413D-A9F1-3B2810A0E62A}.Debug|Any CPU.ActiveCfg = Debug|Any CPU
		{9EBC3AC5-9A21-413D-A9F1-3B2810A0E62A}.Debug|Any CPU.Build.0 = Debug|Any CPU
		{9EBC3AC5-9A21-413D-A9F1-3B2810A0E62A}.Release|Any CPU.ActiveCfg = Release|Any CPU
		{9EBC3AC5-9A21-413D-A9F1-3B2810A0E62A}.Release|Any CPU.Build.0 = Release|Any CPU
		{62E95356-602B-4402-AD5F-1836EAF47982}.Debug|Any CPU.ActiveCfg = Debug|Any CPU
		{62E95356-602B-4402-AD5F-1836EAF47982}.Debug|Any CPU.Build.0 = Debug|Any CPU
		{62E95356-602B-4402-AD5F-1836EAF47982}.Release|Any CPU.ActiveCfg = Release|Any CPU
		{62E95356-602B-4402-AD5F-1836EAF47982}.Release|Any CPU.Build.0 = Release|Any CPU
		{0CB16336-73F4-4FA8-892D-BFB1A3AA1989}.Debug|Any CPU.ActiveCfg = Debug|Any CPU
		{0CB16336-73F4-4FA8-892D-BFB1A3AA1989}.Debug|Any CPU.Build.0 = Debug|Any CPU
		{0CB16336-73F4-4FA8-892D-BFB1A3AA1989}.Release|Any CPU.ActiveCfg = Release|Any CPU
		{0CB16336-73F4-4FA8-892D-BFB1A3AA1989}.Release|Any CPU.Build.0 = Release|Any CPU
		{0E728935-9E7E-4DE2-873E-62136C2A0318}.Debug|Any CPU.ActiveCfg = Debug|Any CPU
		{0E728935-9E7E-4DE2-873E-62136C2A0318}.Debug|Any CPU.Build.0 = Debug|Any CPU
		{0E728935-9E7E-4DE2-873E-62136C2A0318}.Release|Any CPU.ActiveCfg = Release|Any CPU
		{0E728935-9E7E-4DE2-873E-62136C2A0318}.Release|Any CPU.Build.0 = Release|Any CPU
		{B744A0D1-328B-46DC-B7F0-CC983AFCA514}.Debug|Any CPU.ActiveCfg = Debug|Any CPU
		{B744A0D1-328B-46DC-B7F0-CC983AFCA514}.Debug|Any CPU.Build.0 = Debug|Any CPU
		{B744A0D1-328B-46DC-B7F0-CC983AFCA514}.Release|Any CPU.ActiveCfg = Release|Any CPU
		{B744A0D1-328B-46DC-B7F0-CC983AFCA514}.Release|Any CPU.Build.0 = Release|Any CPU
		{2BCE9B2C-0C20-4219-A945-4A35FEDBD542}.Debug|Any CPU.ActiveCfg = Debug|Any CPU
		{2BCE9B2C-0C20-4219-A945-4A35FEDBD542}.Debug|Any CPU.Build.0 = Debug|Any CPU
		{2BCE9B2C-0C20-4219-A945-4A35FEDBD542}.Release|Any CPU.ActiveCfg = Release|Any CPU
		{2BCE9B2C-0C20-4219-A945-4A35FEDBD542}.Release|Any CPU.Build.0 = Release|Any CPU
		{F0F97E0D-2786-4FE8-90C1-C500B0A28B6D}.Debug|Any CPU.ActiveCfg = Debug|Any CPU
		{F0F97E0D-2786-4FE8-90C1-C500B0A28B6D}.Debug|Any CPU.Build.0 = Debug|Any CPU
		{F0F97E0D-2786-4FE8-90C1-C500B0A28B6D}.Release|Any CPU.ActiveCfg = Release|Any CPU
		{F0F97E0D-2786-4FE8-90C1-C500B0A28B6D}.Release|Any CPU.Build.0 = Release|Any CPU
	EndGlobalSection
	GlobalSection(NestedProjects) = preSolution
		{0E728935-9E7E-4DE2-873E-62136C2A0318} = {5B2EB96F-D9CE-483C-A492-A094F83FBFC8}
		{72CF3576-AAA4-4B6F-8A5C-215A6AE89EEA} = {5B2EB96F-D9CE-483C-A492-A094F83FBFC8}
		{D324001E-632A-4621-8C51-FAE4AEF9E075} = {5B2EB96F-D9CE-483C-A492-A094F83FBFC8}
		{827D6418-C1DB-4001-AD39-7C11A6385813} = {5B2EB96F-D9CE-483C-A492-A094F83FBFC8}
		{62E95356-602B-4402-AD5F-1836EAF47982} = {5B2EB96F-D9CE-483C-A492-A094F83FBFC8}
		{0CB16336-73F4-4FA8-892D-BFB1A3AA1989} = {5B2EB96F-D9CE-483C-A492-A094F83FBFC8}
		{07297040-9966-4D27-8A99-C64084DFAA69} = {5B2EB96F-D9CE-483C-A492-A094F83FBFC8}
		{9EBC3AC5-9A21-413D-A9F1-3B2810A0E62A} = {5B2EB96F-D9CE-483C-A492-A094F83FBFC8}
		{B744A0D1-328B-46DC-B7F0-CC983AFCA514} = {507BC271-044A-4000-A99E-91C3639665F5}
		{2BCE9B2C-0C20-4219-A945-4A35FEDBD542} = {507BC271-044A-4000-A99E-91C3639665F5}
		{F0F97E0D-2786-4FE8-90C1-C500B0A28B6D} = {507BC271-044A-4000-A99E-91C3639665F5}
	EndGlobalSection
EndGlobal
